
Microsoft Visual Studio Solution File, Format Version 12.00
# Visual Studio 15
VisualStudioVersion = 15.0.27428.2011
MinimumVisualStudioVersion = 10.0.40219.1
Project("{FAE04EC0-301F-11D3-BF4B-00C04F79EFBC}") = "RoadsAndLibraries", "RoadsAndLibraries\RoadsAndLibraries.csproj", "{4245FCB1-126D-46F1-AC14-B3E214834DBD}"
EndProject
Global
	GlobalSection(SolutionConfigurationPlatforms) = preSolution
		Debug|Any CPU = Debug|Any CPU
		Release|Any CPU = Release|Any CPU
	EndGlobalSection
	GlobalSection(ProjectConfigurationPlatforms) = postSolution
		{4245FCB1-126D-46F1-AC14-B3E214834DBD}.Debug|Any CPU.ActiveCfg = Debug|Any CPU
		{4245FCB1-126D-46F1-AC14-B3E214834DBD}.Debug|Any CPU.Build.0 = Debug|Any CPU
		{4245FCB1-126D-46F1-AC14-B3E214834DBD}.Release|Any CPU.ActiveCfg = Release|Any CPU
		{4245FCB1-126D-46F1-AC14-B3E214834DBD}.Release|Any CPU.Build.0 = Release|Any CPU
	EndGlobalSection
	GlobalSection(SolutionProperties) = preSolution
		HideSolutionNode = FALSE
	EndGlobalSection
	GlobalSection(ExtensibilityGlobals) = postSolution
		SolutionGuid = {DCA014A7-32A3-44B6-BA2E-B6C03D808383}
	EndGlobalSection
EndGlobal
